// !$*UTF8*$!
{
	archiveVersion = 1;
	classes = {
	};
	objectVersion = 46;
	objects = {

/* Begin PBXBuildFile section */
		A15CEAE61A77F62D007C5152 /* AppDelegate.swift in Sources */ = {isa = PBXBuildFile; fileRef = A15CEAE51A77F62D007C5152 /* AppDelegate.swift */; };
		A15CEAE91A77F62D007C5152 /* JustTrying.xcdatamodeld in Sources */ = {isa = PBXBuildFile; fileRef = A15CEAE71A77F62D007C5152 /* JustTrying.xcdatamodeld */; };
		A15CEAEB1A77F62D007C5152 /* ViewController.swift in Sources */ = {isa = PBXBuildFile; fileRef = A15CEAEA1A77F62D007C5152 /* ViewController.swift */; };
		A15CEAEE1A77F62D007C5152 /* Main.storyboard in Resources */ = {isa = PBXBuildFile; fileRef = A15CEAEC1A77F62D007C5152 /* Main.storyboard */; };
		A15CEAF01A77F62D007C5152 /* Images.xcassets in Resources */ = {isa = PBXBuildFile; fileRef = A15CEAEF1A77F62D007C5152 /* Images.xcassets */; };
		A15CEAF31A77F62D007C5152 /* LaunchScreen.xib in Resources */ = {isa = PBXBuildFile; fileRef = A15CEAF11A77F62D007C5152 /* LaunchScreen.xib */; };
		A15CEAFF1A77F62D007C5152 /* JustTryingTests.swift in Sources */ = {isa = PBXBuildFile; fileRef = A15CEAFE1A77F62D007C5152 /* JustTryingTests.swift */; };
		A15CEB091A77FDC1007C5152 /* FacebookSDK.framework in Frameworks */ = {isa = PBXBuildFile; fileRef = A15CEB081A77FDC1007C5152 /* FacebookSDK.framework */; };
		A15CEB0B1A782D14007C5152 /* MobileCoreServices.framework in Frameworks */ = {isa = PBXBuildFile; fileRef = A15CEB0A1A782D14007C5152 /* MobileCoreServices.framework */; };
		A15CEB0E1A783E5B007C5152 /* ProfileViewController.swift in Sources */ = {isa = PBXBuildFile; fileRef = A15CEB0D1A783E5B007C5152 /* ProfileViewController.swift */; };
/* End PBXBuildFile section */

/* Begin PBXContainerItemProxy section */
		A15CEAF91A77F62D007C5152 /* PBXContainerItemProxy */ = {
			isa = PBXContainerItemProxy;
			containerPortal = A15CEAD81A77F62D007C5152 /* Project object */;
			proxyType = 1;
			remoteGlobalIDString = A15CEADF1A77F62D007C5152;
			remoteInfo = JustTrying;
		};
/* End PBXContainerItemProxy section */

/* Begin PBXFileReference section */
		A15CEAE01A77F62D007C5152 /* JustTrying.app */ = {isa = PBXFileReference; explicitFileType = wrapper.application; includeInIndex = 0; path = JustTrying.app; sourceTree = BUILT_PRODUCTS_DIR; };
		A15CEAE41A77F62D007C5152 /* Info.plist */ = {isa = PBXFileReference; lastKnownFileType = text.plist.xml; path = Info.plist; sourceTree = "<group>"; };
		A15CEAE51A77F62D007C5152 /* AppDelegate.swift */ = {isa = PBXFileReference; lastKnownFileType = sourcecode.swift; path = AppDelegate.swift; sourceTree = "<group>"; };
		A15CEAE81A77F62D007C5152 /* JustTrying.xcdatamodel */ = {isa = PBXFileReference; lastKnownFileType = wrapper.xcdatamodel; path = JustTrying.xcdatamodel; sourceTree = "<group>"; };
		A15CEAEA1A77F62D007C5152 /* ViewController.swift */ = {isa = PBXFileReference; lastKnownFileType = sourcecode.swift; path = ViewController.swift; sourceTree = "<group>"; };
		A15CEAED1A77F62D007C5152 /* Base */ = {isa = PBXFileReference; lastKnownFileType = file.storyboard; name = Base; path = Base.lproj/Main.storyboard; sourceTree = "<group>"; };
		A15CEAEF1A77F62D007C5152 /* Images.xcassets */ = {isa = PBXFileReference; lastKnownFileType = folder.assetcatalog; path = Images.xcassets; sourceTree = "<group>"; };
		A15CEAF21A77F62D007C5152 /* Base */ = {isa = PBXFileReference; lastKnownFileType = file.xib; name = Base; path = Base.lproj/LaunchScreen.xib; sourceTree = "<group>"; };
		A15CEAF81A77F62D007C5152 /* JustTryingTests.xctest */ = {isa = PBXFileReference; explicitFileType = wrapper.cfbundle; includeInIndex = 0; path = JustTryingTests.xctest; sourceTree = BUILT_PRODUCTS_DIR; };
		A15CEAFD1A77F62D007C5152 /* Info.plist */ = {isa = PBXFileReference; lastKnownFileType = text.plist.xml; path = Info.plist; sourceTree = "<group>"; };
		A15CEAFE1A77F62D007C5152 /* JustTryingTests.swift */ = {isa = PBXFileReference; lastKnownFileType = sourcecode.swift; path = JustTryingTests.swift; sourceTree = "<group>"; };
		A15CEB081A77FDC1007C5152 /* FacebookSDK.framework */ = {isa = PBXFileReference; lastKnownFileType = wrapper.framework; name = FacebookSDK.framework; path = ../../../../Documents/FacebookSDK/FacebookSDK.framework; sourceTree = "<group>"; };
		A15CEB0A1A782D14007C5152 /* MobileCoreServices.framework */ = {isa = PBXFileReference; lastKnownFileType = wrapper.framework; name = MobileCoreServices.framework; path = System/Library/Frameworks/MobileCoreServices.framework; sourceTree = SDKROOT; };
		A15CEB0C1A783116007C5152 /* Bridging-Header.h */ = {isa = PBXFileReference; lastKnownFileType = sourcecode.c.h; path = "Bridging-Header.h"; sourceTree = "<group>"; };
		A15CEB0D1A783E5B007C5152 /* ProfileViewController.swift */ = {isa = PBXFileReference; fileEncoding = 4; lastKnownFileType = sourcecode.swift; path = ProfileViewController.swift; sourceTree = "<group>"; };
/* End PBXFileReference section */

/* Begin PBXFrameworksBuildPhase section */
		A15CEADD1A77F62D007C5152 /* Frameworks */ = {
			isa = PBXFrameworksBuildPhase;
			buildActionMask = 2147483647;
			files = (
				A15CEB0B1A782D14007C5152 /* MobileCoreServices.framework in Frameworks */,
				A15CEB091A77FDC1007C5152 /* FacebookSDK.framework in Frameworks */,
			);
			runOnlyForDeploymentPostprocessing = 0;
		};
		A15CEAF51A77F62D007C5152 /* Frameworks */ = {
			isa = PBXFrameworksBuildPhase;
			buildActionMask = 2147483647;
			files = (
			);
			runOnlyForDeploymentPostprocessing = 0;
		};
/* End PBXFrameworksBuildPhase section */

/* Begin PBXGroup section */
		A15CEAD71A77F62D007C5152 = {
			isa = PBXGroup;
			children = (
				A15CEAE21A77F62D007C5152 /* JustTrying */,
				A15CEAFB1A77F62D007C5152 /* JustTryingTests */,
				A15CEAE11A77F62D007C5152 /* Products */,
			);
			sourceTree = "<group>";
		};
		A15CEAE11A77F62D007C5152 /* Products */ = {
			isa = PBXGroup;
			children = (
				A15CEAE01A77F62D007C5152 /* JustTrying.app */,
				A15CEAF81A77F62D007C5152 /* JustTryingTests.xctest */,
			);
			name = Products;
			sourceTree = "<group>";
		};
		A15CEAE21A77F62D007C5152 /* JustTrying */ = {
			isa = PBXGroup;
			children = (
				A15CEAE51A77F62D007C5152 /* AppDelegate.swift */,
				A15CEAEA1A77F62D007C5152 /* ViewController.swift */,
				A15CEB0D1A783E5B007C5152 /* ProfileViewController.swift */,
				A15CEAEC1A77F62D007C5152 /* Main.storyboard */,
				A15CEAEF1A77F62D007C5152 /* Images.xcassets */,
				A15CEAF11A77F62D007C5152 /* LaunchScreen.xib */,
				A15CEAE71A77F62D007C5152 /* JustTrying.xcdatamodeld */,
				A15CEAE31A77F62D007C5152 /* Supporting Files */,
			);
			path = JustTrying;
			sourceTree = "<group>";
		};
		A15CEAE31A77F62D007C5152 /* Supporting Files */ = {
			isa = PBXGroup;
			children = (
				A15CEB0A1A782D14007C5152 /* MobileCoreServices.framework */,
				A15CEB081A77FDC1007C5152 /* FacebookSDK.framework */,
				A15CEAE41A77F62D007C5152 /* Info.plist */,
				A15CEB0C1A783116007C5152 /* Bridging-Header.h */,
			);
			name = "Supporting Files";
			sourceTree = "<group>";
		};
		A15CEAFB1A77F62D007C5152 /* JustTryingTests */ = {
			isa = PBXGroup;
			children = (
				A15CEAFE1A77F62D007C5152 /* JustTryingTests.swift */,
				A15CEAFC1A77F62D007C5152 /* Supporting Files */,
			);
			path = JustTryingTests;
			sourceTree = "<group>";
		};
		A15CEAFC1A77F62D007C5152 /* Supporting Files */ = {
			isa = PBXGroup;
			children = (
				A15CEAFD1A77F62D007C5152 /* Info.plist */,
			);
			name = "Supporting Files";
			sourceTree = "<group>";
		};
/* End PBXGroup section */

/* Begin PBXNativeTarget section */
		A15CEADF1A77F62D007C5152 /* JustTrying */ = {
			isa = PBXNativeTarget;
			buildConfigurationList = A15CEB021A77F62E007C5152 /* Build configuration list for PBXNativeTarget "JustTrying" */;
			buildPhases = (
				A15CEADC1A77F62D007C5152 /* Sources */,
				A15CEADD1A77F62D007C5152 /* Frameworks */,
				A15CEADE1A77F62D007C5152 /* Resources */,
			);
			buildRules = (
			);
			dependencies = (
			);
			name = JustTrying;
			productName = JustTrying;
			productReference = A15CEAE01A77F62D007C5152 /* JustTrying.app */;
			productType = "com.apple.product-type.application";
		};
		A15CEAF71A77F62D007C5152 /* JustTryingTests */ = {
			isa = PBXNativeTarget;
			buildConfigurationList = A15CEB051A77F62E007C5152 /* Build configuration list for PBXNativeTarget "JustTryingTests" */;
			buildPhases = (
				A15CEAF41A77F62D007C5152 /* Sources */,
				A15CEAF51A77F62D007C5152 /* Frameworks */,
				A15CEAF61A77F62D007C5152 /* Resources */,
			);
			buildRules = (
			);
			dependencies = (
				A15CEAFA1A77F62D007C5152 /* PBXTargetDependency */,
			);
			name = JustTryingTests;
			productName = JustTryingTests;
			productReference = A15CEAF81A77F62D007C5152 /* JustTryingTests.xctest */;
			productType = "com.apple.product-type.bundle.unit-test";
		};
/* End PBXNativeTarget section */

/* Begin PBXProject section */
		A15CEAD81A77F62D007C5152 /* Project object */ = {
			isa = PBXProject;
			attributes = {
				LastUpgradeCheck = 0610;
				ORGANIZATIONNAME = Boris;
				TargetAttributes = {
					A15CEADF1A77F62D007C5152 = {
						CreatedOnToolsVersion = 6.1.1;
					};
					A15CEAF71A77F62D007C5152 = {
						CreatedOnToolsVersion = 6.1.1;
						TestTargetID = A15CEADF1A77F62D007C5152;
					};
				};
			};
			buildConfigurationList = A15CEADB1A77F62D007C5152 /* Build configuration list for PBXProject "JustTrying" */;
			compatibilityVersion = "Xcode 3.2";
			developmentRegion = English;
			hasScannedForEncodings = 0;
			knownRegions = (
				en,
				Base,
			);
			mainGroup = A15CEAD71A77F62D007C5152;
			productRefGroup = A15CEAE11A77F62D007C5152 /* Products */;
			projectDirPath = "";
			projectRoot = "";
			targets = (
				A15CEADF1A77F62D007C5152 /* JustTrying */,
				A15CEAF71A77F62D007C5152 /* JustTryingTests */,
			);
		};
/* End PBXProject section */

/* Begin PBXResourcesBuildPhase section */
		A15CEADE1A77F62D007C5152 /* Resources */ = {
			isa = PBXResourcesBuildPhase;
			buildActionMask = 2147483647;
			files = (
				A15CEAEE1A77F62D007C5152 /* Main.storyboard in Resources */,
				A15CEAF31A77F62D007C5152 /* LaunchScreen.xib in Resources */,
				A15CEAF01A77F62D007C5152 /* Images.xcassets in Resources */,
			);
			runOnlyForDeploymentPostprocessing = 0;
		};
		A15CEAF61A77F62D007C5152 /* Resources */ = {
			isa = PBXResourcesBuildPhase;
			buildActionMask = 2147483647;
			files = (
			);
			runOnlyForDeploymentPostprocessing = 0;
		};
/* End PBXResourcesBuildPhase section */

/* Begin PBXSourcesBuildPhase section */
		A15CEADC1A77F62D007C5152 /* Sources */ = {
			isa = PBXSourcesBuildPhase;
			buildActionMask = 2147483647;
			files = (
				A15CEAEB1A77F62D007C5152 /* ViewController.swift in Sources */,
				A15CEAE91A77F62D007C5152 /* JustTrying.xcdatamodeld in Sources */,
				A15CEB0E1A783E5B007C5152 /* ProfileViewController.swift in Sources */,
				A15CEAE61A77F62D007C5152 /* AppDelegate.swift in Sources */,
			);
			runOnlyForDeploymentPostprocessing = 0;
		};
		A15CEAF41A77F62D007C5152 /* Sources */ = {
			isa = PBXSourcesBuildPhase;
			buildActionMask = 2147483647;
			files = (
				A15CEAFF1A77F62D007C5152 /* JustTryingTests.swift in Sources */,
			);
			runOnlyForDeploymentPostprocessing = 0;
		};
/* End PBXSourcesBuildPhase section */

/* Begin PBXTargetDependency section */
		A15CEAFA1A77F62D007C5152 /* PBXTargetDependency */ = {
			isa = PBXTargetDependency;
			target = A15CEADF1A77F62D007C5152 /* JustTrying */;
			targetProxy = A15CEAF91A77F62D007C5152 /* PBXContainerItemProxy */;
		};
/* End PBXTargetDependency section */

/* Begin PBXVariantGroup section */
		A15CEAEC1A77F62D007C5152 /* Main.storyboard */ = {
			isa = PBXVariantGroup;
			children = (
				A15CEAED1A77F62D007C5152 /* Base */,
			);
			name = Main.storyboard;
			sourceTree = "<group>";
		};
		A15CEAF11A77F62D007C5152 /* LaunchScreen.xib */ = {
			isa = PBXVariantGroup;
			children = (
				A15CEAF21A77F62D007C5152 /* Base */,
			);
			name = LaunchScreen.xib;
			sourceTree = "<group>";
		};
/* End PBXVariantGroup section */

/* Begin XCBuildConfiguration section */
		A15CEB001A77F62D007C5152 /* Debug */ = {
			isa = XCBuildConfiguration;
			buildSettings = {
				ALWAYS_SEARCH_USER_PATHS = NO;
				CLANG_CXX_LANGUAGE_STANDARD = "gnu++0x";
				CLANG_CXX_LIBRARY = "libc++";
				CLANG_ENABLE_MODULES = YES;
				CLANG_ENABLE_OBJC_ARC = YES;
				CLANG_WARN_BOOL_CONVERSION = YES;
				CLANG_WARN_CONSTANT_CONVERSION = YES;
				CLANG_WARN_DIRECT_OBJC_ISA_USAGE = YES_ERROR;
				CLANG_WARN_EMPTY_BODY = YES;
				CLANG_WARN_ENUM_CONVERSION = YES;
				CLANG_WARN_INT_CONVERSION = YES;
				CLANG_WARN_OBJC_ROOT_CLASS = YES_ERROR;
				CLANG_WARN_UNREACHABLE_CODE = YES;
				CLANG_WARN__DUPLICATE_METHOD_MATCH = YES;
				"CODE_SIGN_IDENTITY[sdk=iphoneos*]" = "iPhone Developer";
				COPY_PHASE_STRIP = NO;
				ENABLE_STRICT_OBJC_MSGSEND = YES;
				GCC_C_LANGUAGE_STANDARD = gnu99;
				GCC_DYNAMIC_NO_PIC = NO;
				GCC_OPTIMIZATION_LEVEL = 0;
				GCC_PREPROCESSOR_DEFINITIONS = (
					"DEBUG=1",
					"$(inherited)",
				);
				GCC_SYMBOLS_PRIVATE_EXTERN = NO;
				GCC_WARN_64_TO_32_BIT_CONVERSION = YES;
				GCC_WARN_ABOUT_RETURN_TYPE = YES_ERROR;
				GCC_WARN_UNDECLARED_SELECTOR = YES;
				GCC_WARN_UNINITIALIZED_AUTOS = YES_AGGRESSIVE;
				GCC_WARN_UNUSED_FUNCTION = YES;
				GCC_WARN_UNUSED_VARIABLE = YES;
				IPHONEOS_DEPLOYMENT_TARGET = 8.1;
				MTL_ENABLE_DEBUG_INFO = YES;
				ONLY_ACTIVE_ARCH = YES;
				SDKROOT = iphoneos;
				SWIFT_OPTIMIZATION_LEVEL = "-Onone";
				TARGETED_DEVICE_FAMILY = "1,2";
			};
			name = Debug;
		};
		A15CEB011A77F62D007C5152 /* Release */ = {
			isa = XCBuildConfiguration;
			buildSettings = {
				ALWAYS_SEARCH_USER_PATHS = NO;
				CLANG_CXX_LANGUAGE_STANDARD = "gnu++0x";
				CLANG_CXX_LIBRARY = "libc++";
				CLANG_ENABLE_MODULES = YES;
				CLANG_ENABLE_OBJC_ARC = YES;
				CLANG_WARN_BOOL_CONVERSION = YES;
				CLANG_WARN_CONSTANT_CONVERSION = YES;
				CLANG_WARN_DIRECT_OBJC_ISA_USAGE = YES_ERROR;
				CLANG_WARN_EMPTY_BODY = YES;
				CLANG_WARN_ENUM_CONVERSION = YES;
				CLANG_WARN_INT_CONVERSION = YES;
				CLANG_WARN_OBJC_ROOT_CLASS = YES_ERROR;
				CLANG_WARN_UNREACHABLE_CODE = YES;
				CLANG_WARN__DUPLICATE_METHOD_MATCH = YES;
				"CODE_SIGN_IDENTITY[sdk=iphoneos*]" = "iPhone Developer";
				COPY_PHASE_STRIP = YES;
				ENABLE_NS_ASSERTIONS = NO;
				ENABLE_STRICT_OBJC_MSGSEND = YES;
				GCC_C_LANGUAGE_STANDARD = gnu99;
				GCC_WARN_64_TO_32_BIT_CONVERSION = YES;
				GCC_WARN_ABOUT_RETURN_TYPE = YES_ERROR;
				GCC_WARN_UNDECLARED_SELECTOR = YES;
				GCC_WARN_UNINITIALIZED_AUTOS = YES_AGGRESSIVE;
				GCC_WARN_UNUSED_FUNCTION = YES;
				GCC_WARN_UNUSED_VARIABLE = YES;
				IPHONEOS_DEPLOYMENT_TARGET = 8.1;
				MTL_ENABLE_DEBUG_INFO = NO;
				SDKROOT = iphoneos;
				TARGETED_DEVICE_FAMILY = "1,2";
				VALIDATE_PRODUCT = YES;
			};
			name = Release;
		};
		A15CEB031A77F62E007C5152 /* Debug */ = {
			isa = XCBuildConfiguration;
			buildSettings = {
				ASSETCATALOG_COMPILER_APPICON_NAME = AppIcon;
				FRAMEWORK_SEARCH_PATHS = (
					"$(inherited)",
					/Users/boris/Documents/FacebookSDK,
				);
				INFOPLIST_FILE = JustTrying/Info.plist;
				LD_RUNPATH_SEARCH_PATHS = "$(inherited) @executable_path/Frameworks";
				PRODUCT_NAME = "$(TARGET_NAME)";
				SWIFT_OBJC_BRIDGING_HEADER = "JustTrying/Bridging-Header.h";
			};
			name = Debug;
		};
		A15CEB041A77F62E007C5152 /* Release */ = {
			isa = XCBuildConfiguration;
			buildSettings = {
				ASSETCATALOG_COMPILER_APPICON_NAME = AppIcon;
				FRAMEWORK_SEARCH_PATHS = (
					"$(inherited)",
					/Users/boris/Documents/FacebookSDK,
				);
				INFOPLIST_FILE = JustTrying/Info.plist;
				LD_RUNPATH_SEARCH_PATHS = "$(inherited) @executable_path/Frameworks";
				PRODUCT_NAME = "$(TARGET_NAME)";
				SWIFT_OBJC_BRIDGING_HEADER = "JustTrying/Bridging-Header.h";
			};
			name = Release;
		};
		A15CEB061A77F62E007C5152 /* Debug */ = {
			isa = XCBuildConfiguration;
			buildSettings = {
				BUNDLE_LOADER = "$(TEST_HOST)";
				FRAMEWORK_SEARCH_PATHS = (
					"$(SDKROOT)/Developer/Library/Frameworks",
					"$(inherited)",
				);
				GCC_PREPROCESSOR_DEFINITIONS = (
					"DEBUG=1",
					"$(inherited)",
				);
				INFOPLIST_FILE = JustTryingTests/Info.plist;
				LD_RUNPATH_SEARCH_PATHS = "$(inherited) @executable_path/Frameworks @loader_path/Frameworks";
				PRODUCT_NAME = "$(TARGET_NAME)";
				TEST_HOST = "$(BUILT_PRODUCTS_DIR)/JustTrying.app/JustTrying";
			};
			name = Debug;
		};
		A15CEB071A77F62E007C5152 /* Release */ = {
			isa = XCBuildConfiguration;
			buildSettings = {
				BUNDLE_LOADER = "$(TEST_HOST)";
				FRAMEWORK_SEARCH_PATHS = (
					"$(SDKROOT)/Developer/Library/Frameworks",
					"$(inherited)",
				);
				INFOPLIST_FILE = JustTryingTests/Info.plist;
				LD_RUNPATH_SEARCH_PATHS = "$(inherited) @executable_path/Frameworks @loader_path/Frameworks";
				PRODUCT_NAME = "$(TARGET_NAME)";
				TEST_HOST = "$(BUILT_PRODUCTS_DIR)/JustTrying.app/JustTrying";
			};
			name = Release;
		};
/* End XCBuildConfiguration section */

/* Begin XCConfigurationList section */
		A15CEADB1A77F62D007C5152 /* Build configuration list for PBXProject "JustTrying" */ = {
			isa = XCConfigurationList;
			buildConfigurations = (
				A15CEB001A77F62D007C5152 /* Debug */,
				A15CEB011A77F62D007C5152 /* Release */,
			);
			defaultConfigurationIsVisible = 0;
			defaultConfigurationName = Release;
		};
		A15CEB021A77F62E007C5152 /* Build configuration list for PBXNativeTarget "JustTrying" */ = {
			isa = XCConfigurationList;
			buildConfigurations = (
				A15CEB031A77F62E007C5152 /* Debug */,
				A15CEB041A77F62E007C5152 /* Release */,
			);
			defaultConfigurationIsVisible = 0;
		};
		A15CEB051A77F62E007C5152 /* Build configuration list for PBXNativeTarget "JustTryingTests" */ = {
			isa = XCConfigurationList;
			buildConfigurations = (
				A15CEB061A77F62E007C5152 /* Debug */,
				A15CEB071A77F62E007C5152 /* Release */,
			);
			defaultConfigurationIsVisible = 0;
		};
/* End XCConfigurationList section */

/* Begin XCVersionGroup section */
		A15CEAE71A77F62D007C5152 /* JustTrying.xcdatamodeld */ = {
			isa = XCVersionGroup;
			children = (
				A15CEAE81A77F62D007C5152 /* JustTrying.xcdatamodel */,
			);
			currentVersion = A15CEAE81A77F62D007C5152 /* JustTrying.xcdatamodel */;
			path = JustTrying.xcdatamodeld;
			sourceTree = "<group>";
			versionGroupType = wrapper.xcdatamodel;
		};
/* End XCVersionGroup section */
	};
	rootObject = A15CEAD81A77F62D007C5152 /* Project object */;
}
